// !$*UTF8*$!
{
	archiveVersion = 1;
	classes = {
	};
	objectVersion = 52;
	objects = {

/* Begin PBXBuildFile section */
		F1C21D67240C1A2F00E614C3 /* AppDelegate.swift in Sources */ = {isa = PBXBuildFile; fileRef = F1C21D66240C1A2F00E614C3 /* AppDelegate.swift */; };
		F1C21D70240C1A3800E614C3 /* Assets.xcassets in Resources */ = {isa = PBXBuildFile; fileRef = F1C21D6F240C1A3800E614C3 /* Assets.xcassets */; };
		F1C21D73240C1A3800E614C3 /* LaunchScreen.storyboard in Resources */ = {isa = PBXBuildFile; fileRef = F1C21D71240C1A3800E614C3 /* LaunchScreen.storyboard */; };
		F1C21D7F240C1AEA00E614C3 /* SimpleTimer in Frameworks */ = {isa = PBXBuildFile; productRef = F1C21D7E240C1AEA00E614C3 /* SimpleTimer */; };
		F1C21D89240C2D4400E614C3 /* TimeAnimator.swift in Sources */ = {isa = PBXBuildFile; fileRef = F1C21D86240C2D4400E614C3 /* TimeAnimator.swift */; };
		F1C21D8A240C2D4400E614C3 /* TimeAnimator+Core.swift in Sources */ = {isa = PBXBuildFile; fileRef = F1C21D87240C2D4400E614C3 /* TimeAnimator+Core.swift */; };
		F1C21D8B240C2D4400E614C3 /* TimeAnimator+Utils.swift in Sources */ = {isa = PBXBuildFile; fileRef = F1C21D88240C2D4400E614C3 /* TimeAnimator+Utils.swift */; };
		F1C21D8D240C2E2F00E614C3 /* TimeAnimator+Const.swift in Sources */ = {isa = PBXBuildFile; fileRef = F1C21D8C240C2E2F00E614C3 /* TimeAnimator+Const.swift */; };
		F1C21D8F240C308500E614C3 /* TimeAnimator+TypeAlias.swift in Sources */ = {isa = PBXBuildFile; fileRef = F1C21D8E240C308500E614C3 /* TimeAnimator+TypeAlias.swift */; };
		F1C21D96240D29F700E614C3 /* TimeAnimator+Getter.swift in Sources */ = {isa = PBXBuildFile; fileRef = F1C21D95240D29F700E614C3 /* TimeAnimator+Getter.swift */; };
		F1C21D98240D3B5B00E614C3 /* View.swift in Sources */ = {isa = PBXBuildFile; fileRef = F1C21D97240D3B5B00E614C3 /* View.swift */; };
		F1C21D9E240D3C4B00E614C3 /* GeomKit in Frameworks */ = {isa = PBXBuildFile; productRef = F1C21D9D240D3C4B00E614C3 /* GeomKit */; };
/* End PBXBuildFile section */

/* Begin PBXFileReference section */
		F1C21D63240C1A2F00E614C3 /* TimeAnimator.app */ = {isa = PBXFileReference; explicitFileType = wrapper.application; includeInIndex = 0; path = TimeAnimator.app; sourceTree = BUILT_PRODUCTS_DIR; };
		F1C21D66240C1A2F00E614C3 /* AppDelegate.swift */ = {isa = PBXFileReference; lastKnownFileType = sourcecode.swift; path = AppDelegate.swift; sourceTree = "<group>"; };
		F1C21D6F240C1A3800E614C3 /* Assets.xcassets */ = {isa = PBXFileReference; lastKnownFileType = folder.assetcatalog; path = Assets.xcassets; sourceTree = "<group>"; };
		F1C21D72240C1A3800E614C3 /* Base */ = {isa = PBXFileReference; lastKnownFileType = file.storyboard; name = Base; path = Base.lproj/LaunchScreen.storyboard; sourceTree = "<group>"; };
		F1C21D74240C1A3800E614C3 /* Info.plist */ = {isa = PBXFileReference; lastKnownFileType = text.plist.xml; path = Info.plist; sourceTree = "<group>"; };
		F1C21D86240C2D4400E614C3 /* TimeAnimator.swift */ = {isa = PBXFileReference; fileEncoding = 4; lastKnownFileType = sourcecode.swift; path = TimeAnimator.swift; sourceTree = "<group>"; };
		F1C21D87240C2D4400E614C3 /* TimeAnimator+Core.swift */ = {isa = PBXFileReference; fileEncoding = 4; lastKnownFileType = sourcecode.swift; path = "TimeAnimator+Core.swift"; sourceTree = "<group>"; };
		F1C21D88240C2D4400E614C3 /* TimeAnimator+Utils.swift */ = {isa = PBXFileReference; fileEncoding = 4; lastKnownFileType = sourcecode.swift; path = "TimeAnimator+Utils.swift"; sourceTree = "<group>"; };
		F1C21D8C240C2E2F00E614C3 /* TimeAnimator+Const.swift */ = {isa = PBXFileReference; lastKnownFileType = sourcecode.swift; path = "TimeAnimator+Const.swift"; sourceTree = "<group>"; };
		F1C21D8E240C308500E614C3 /* TimeAnimator+TypeAlias.swift */ = {isa = PBXFileReference; lastKnownFileType = sourcecode.swift; path = "TimeAnimator+TypeAlias.swift"; sourceTree = "<group>"; };
		F1C21D95240D29F700E614C3 /* TimeAnimator+Getter.swift */ = {isa = PBXFileReference; lastKnownFileType = sourcecode.swift; path = "TimeAnimator+Getter.swift"; sourceTree = "<group>"; };
		F1C21D97240D3B5B00E614C3 /* View.swift */ = {isa = PBXFileReference; lastKnownFileType = sourcecode.swift; path = View.swift; sourceTree = "<group>"; };
/* End PBXFileReference section */

/* Begin PBXFrameworksBuildPhase section */
		F1C21D60240C1A2F00E614C3 /* Frameworks */ = {
			isa = PBXFrameworksBuildPhase;
			buildActionMask = 2147483647;
			files = (
				F1C21D7F240C1AEA00E614C3 /* SimpleTimer in Frameworks */,
				F1C21D9E240D3C4B00E614C3 /* GeomKit in Frameworks */,
			);
			runOnlyForDeploymentPostprocessing = 0;
		};
/* End PBXFrameworksBuildPhase section */

/* Begin PBXGroup section */
		F1C21D5A240C1A2E00E614C3 = {
			isa = PBXGroup;
			children = (
				F1C21D84240C2D4400E614C3 /* Sources */,
				F1C21D65240C1A2F00E614C3 /* TimeAnimator */,
				F1C21D64240C1A2F00E614C3 /* Products */,
			);
			sourceTree = "<group>";
		};
		F1C21D64240C1A2F00E614C3 /* Products */ = {
			isa = PBXGroup;
			children = (
				F1C21D63240C1A2F00E614C3 /* TimeAnimator.app */,
			);
			name = Products;
			sourceTree = "<group>";
		};
		F1C21D65240C1A2F00E614C3 /* TimeAnimator */ = {
			isa = PBXGroup;
			children = (
				F1C21D66240C1A2F00E614C3 /* AppDelegate.swift */,
				F1C21D99240D3B6E00E614C3 /* View */,
				F1C21D6F240C1A3800E614C3 /* Assets.xcassets */,
				F1C21D71240C1A3800E614C3 /* LaunchScreen.storyboard */,
				F1C21D74240C1A3800E614C3 /* Info.plist */,
			);
			path = TimeAnimator;
			sourceTree = "<group>";
		};
		F1C21D84240C2D4400E614C3 /* Sources */ = {
			isa = PBXGroup;
			children = (
				F1C21D85240C2D4400E614C3 /* TimeAnimator */,
			);
			path = Sources;
			sourceTree = "<group>";
		};
		F1C21D85240C2D4400E614C3 /* TimeAnimator */ = {
			isa = PBXGroup;
			children = (
				F1C21D86240C2D4400E614C3 /* TimeAnimator.swift */,
				F1C21D87240C2D4400E614C3 /* TimeAnimator+Core.swift */,
				F1C21D88240C2D4400E614C3 /* TimeAnimator+Utils.swift */,
				F1C21D8C240C2E2F00E614C3 /* TimeAnimator+Const.swift */,
				F1C21D95240D29F700E614C3 /* TimeAnimator+Getter.swift */,
				F1C21D8E240C308500E614C3 /* TimeAnimator+TypeAlias.swift */,
			);
			path = TimeAnimator;
			sourceTree = "<group>";
		};
		F1C21D99240D3B6E00E614C3 /* View */ = {
			isa = PBXGroup;
			children = (
				F1C21D97240D3B5B00E614C3 /* View.swift */,
			);
			path = View;
			sourceTree = "<group>";
		};
/* End PBXGroup section */

/* Begin PBXNativeTarget section */
		F1C21D62240C1A2F00E614C3 /* TimeAnimator */ = {
			isa = PBXNativeTarget;
			buildConfigurationList = F1C21D77240C1A3800E614C3 /* Build configuration list for PBXNativeTarget "TimeAnimator" */;
			buildPhases = (
				F1C21D5F240C1A2F00E614C3 /* Sources */,
				F1C21D60240C1A2F00E614C3 /* Frameworks */,
				F1C21D61240C1A2F00E614C3 /* Resources */,
			);
			buildRules = (
			);
			dependencies = (
			);
			name = TimeAnimator;
			packageProductDependencies = (
				F1C21D7E240C1AEA00E614C3 /* SimpleTimer */,
				F1C21D9D240D3C4B00E614C3 /* GeomKit */,
			);
			productName = TimeAnimator;
			productReference = F1C21D63240C1A2F00E614C3 /* TimeAnimator.app */;
			productType = "com.apple.product-type.application";
		};
/* End PBXNativeTarget section */

/* Begin PBXProject section */
		F1C21D5B240C1A2E00E614C3 /* Project object */ = {
			isa = PBXProject;
			attributes = {
				LastSwiftUpdateCheck = 1130;
				LastUpgradeCheck = 1130;
				ORGANIZATIONNAME = FutureLab;
				TargetAttributes = {
					F1C21D62240C1A2F00E614C3 = {
						CreatedOnToolsVersion = 11.3;
					};
				};
			};
			buildConfigurationList = F1C21D5E240C1A2E00E614C3 /* Build configuration list for PBXProject "TimeAnimator" */;
			compatibilityVersion = "Xcode 9.3";
			developmentRegion = en;
			hasScannedForEncodings = 0;
			knownRegions = (
				en,
				Base,
			);
			mainGroup = F1C21D5A240C1A2E00E614C3;
			packageReferences = (
				F1C21D7D240C1AEA00E614C3 /* XCRemoteSwiftPackageReference "SimpleTimer" */,
				F1C21D9C240D3C4B00E614C3 /* XCRemoteSwiftPackageReference "GeomKit" */,
			);
			productRefGroup = F1C21D64240C1A2F00E614C3 /* Products */;
			projectDirPath = "";
			projectRoot = "";
			targets = (
				F1C21D62240C1A2F00E614C3 /* TimeAnimator */,
			);
		};
/* End PBXProject section */

/* Begin PBXResourcesBuildPhase section */
		F1C21D61240C1A2F00E614C3 /* Resources */ = {
			isa = PBXResourcesBuildPhase;
			buildActionMask = 2147483647;
			files = (
				F1C21D73240C1A3800E614C3 /* LaunchScreen.storyboard in Resources */,
				F1C21D70240C1A3800E614C3 /* Assets.xcassets in Resources */,
			);
			runOnlyForDeploymentPostprocessing = 0;
		};
/* End PBXResourcesBuildPhase section */

/* Begin PBXSourcesBuildPhase section */
		F1C21D5F240C1A2F00E614C3 /* Sources */ = {
			isa = PBXSourcesBuildPhase;
			buildActionMask = 2147483647;
			files = (
				F1C21D98240D3B5B00E614C3 /* View.swift in Sources */,
				F1C21D67240C1A2F00E614C3 /* AppDelegate.swift in Sources */,
				F1C21D96240D29F700E614C3 /* TimeAnimator+Getter.swift in Sources */,
				F1C21D8D240C2E2F00E614C3 /* TimeAnimator+Const.swift in Sources */,
				F1C21D8B240C2D4400E614C3 /* TimeAnimator+Utils.swift in Sources */,
				F1C21D8A240C2D4400E614C3 /* TimeAnimator+Core.swift in Sources */,
				F1C21D8F240C308500E614C3 /* TimeAnimator+TypeAlias.swift in Sources */,
				F1C21D89240C2D4400E614C3 /* TimeAnimator.swift in Sources */,
			);
			runOnlyForDeploymentPostprocessing = 0;
		};
/* End PBXSourcesBuildPhase section */

/* Begin PBXVariantGroup section */
		F1C21D71240C1A3800E614C3 /* LaunchScreen.storyboard */ = {
			isa = PBXVariantGroup;
			children = (
				F1C21D72240C1A3800E614C3 /* Base */,
			);
			name = LaunchScreen.storyboard;
			sourceTree = "<group>";
		};
/* End PBXVariantGroup section */

/* Begin XCBuildConfiguration section */
		F1C21D75240C1A3800E614C3 /* Debug */ = {
			isa = XCBuildConfiguration;
			buildSettings = {
				ALWAYS_SEARCH_USER_PATHS = NO;
				CLANG_ANALYZER_NONNULL = YES;
				CLANG_ANALYZER_NUMBER_OBJECT_CONVERSION = YES_AGGRESSIVE;
				CLANG_CXX_LANGUAGE_STANDARD = "gnu++14";
				CLANG_CXX_LIBRARY = "libc++";
				CLANG_ENABLE_MODULES = YES;
				CLANG_ENABLE_OBJC_ARC = YES;
				CLANG_ENABLE_OBJC_WEAK = YES;
				CLANG_WARN_BLOCK_CAPTURE_AUTORELEASING = YES;
				CLANG_WARN_BOOL_CONVERSION = YES;
				CLANG_WARN_COMMA = YES;
				CLANG_WARN_CONSTANT_CONVERSION = YES;
				CLANG_WARN_DEPRECATED_OBJC_IMPLEMENTATIONS = YES;
				CLANG_WARN_DIRECT_OBJC_ISA_USAGE = YES_ERROR;
				CLANG_WARN_DOCUMENTATION_COMMENTS = YES;
				CLANG_WARN_EMPTY_BODY = YES;
				CLANG_WARN_ENUM_CONVERSION = YES;
				CLANG_WARN_INFINITE_RECURSION = YES;
				CLANG_WARN_INT_CONVERSION = YES;
				CLANG_WARN_NON_LITERAL_NULL_CONVERSION = YES;
				CLANG_WARN_OBJC_IMPLICIT_RETAIN_SELF = YES;
				CLANG_WARN_OBJC_LITERAL_CONVERSION = YES;
				CLANG_WARN_OBJC_ROOT_CLASS = YES_ERROR;
				CLANG_WARN_RANGE_LOOP_ANALYSIS = YES;
				CLANG_WARN_STRICT_PROTOTYPES = YES;
				CLANG_WARN_SUSPICIOUS_MOVE = YES;
				CLANG_WARN_UNGUARDED_AVAILABILITY = YES_AGGRESSIVE;
				CLANG_WARN_UNREACHABLE_CODE = YES;
				CLANG_WARN__DUPLICATE_METHOD_MATCH = YES;
				COPY_PHASE_STRIP = NO;
				DEBUG_INFORMATION_FORMAT = dwarf;
				ENABLE_STRICT_OBJC_MSGSEND = YES;
				ENABLE_TESTABILITY = YES;
				GCC_C_LANGUAGE_STANDARD = gnu11;
				GCC_DYNAMIC_NO_PIC = NO;
				GCC_NO_COMMON_BLOCKS = YES;
				GCC_OPTIMIZATION_LEVEL = 0;
				GCC_PREPROCESSOR_DEFINITIONS = (
					"DEBUG=1",
					"$(inherited)",
				);
				GCC_WARN_64_TO_32_BIT_CONVERSION = YES;
				GCC_WARN_ABOUT_RETURN_TYPE = YES_ERROR;
				GCC_WARN_UNDECLARED_SELECTOR = YES;
				GCC_WARN_UNINITIALIZED_AUTOS = YES_AGGRESSIVE;
				GCC_WARN_UNUSED_FUNCTION = YES;
				GCC_WARN_UNUSED_VARIABLE = YES;
				IPHONEOS_DEPLOYMENT_TARGET = 13.2;
				MTL_ENABLE_DEBUG_INFO = INCLUDE_SOURCE;
				MTL_FAST_MATH = YES;
				ONLY_ACTIVE_ARCH = YES;
				SDKROOT = iphoneos;
				SWIFT_ACTIVE_COMPILATION_CONDITIONS = DEBUG;
				SWIFT_OPTIMIZATION_LEVEL = "-Onone";
			};
			name = Debug;
		};
		F1C21D76240C1A3800E614C3 /* Release */ = {
			isa = XCBuildConfiguration;
			buildSettings = {
				ALWAYS_SEARCH_USER_PATHS = NO;
				CLANG_ANALYZER_NONNULL = YES;
				CLANG_ANALYZER_NUMBER_OBJECT_CONVERSION = YES_AGGRESSIVE;
				CLANG_CXX_LANGUAGE_STANDARD = "gnu++14";
				CLANG_CXX_LIBRARY = "libc++";
				CLANG_ENABLE_MODULES = YES;
				CLANG_ENABLE_OBJC_ARC = YES;
				CLANG_ENABLE_OBJC_WEAK = YES;
				CLANG_WARN_BLOCK_CAPTURE_AUTORELEASING = YES;
				CLANG_WARN_BOOL_CONVERSION = YES;
				CLANG_WARN_COMMA = YES;
				CLANG_WARN_CONSTANT_CONVERSION = YES;
				CLANG_WARN_DEPRECATED_OBJC_IMPLEMENTATIONS = YES;
				CLANG_WARN_DIRECT_OBJC_ISA_USAGE = YES_ERROR;
				CLANG_WARN_DOCUMENTATION_COMMENTS = YES;
				CLANG_WARN_EMPTY_BODY = YES;
				CLANG_WARN_ENUM_CONVERSION = YES;
				CLANG_WARN_INFINITE_RECURSION = YES;
				CLANG_WARN_INT_CONVERSION = YES;
				CLANG_WARN_NON_LITERAL_NULL_CONVERSION = YES;
				CLANG_WARN_OBJC_IMPLICIT_RETAIN_SELF = YES;
				CLANG_WARN_OBJC_LITERAL_CONVERSION = YES;
				CLANG_WARN_OBJC_ROOT_CLASS = YES_ERROR;
				CLANG_WARN_RANGE_LOOP_ANALYSIS = YES;
				CLANG_WARN_STRICT_PROTOTYPES = YES;
				CLANG_WARN_SUSPICIOUS_MOVE = YES;
				CLANG_WARN_UNGUARDED_AVAILABILITY = YES_AGGRESSIVE;
				CLANG_WARN_UNREACHABLE_CODE = YES;
				CLANG_WARN__DUPLICATE_METHOD_MATCH = YES;
				COPY_PHASE_STRIP = NO;
				DEBUG_INFORMATION_FORMAT = "dwarf-with-dsym";
				ENABLE_NS_ASSERTIONS = NO;
				ENABLE_STRICT_OBJC_MSGSEND = YES;
				GCC_C_LANGUAGE_STANDARD = gnu11;
				GCC_NO_COMMON_BLOCKS = YES;
				GCC_WARN_64_TO_32_BIT_CONVERSION = YES;
				GCC_WARN_ABOUT_RETURN_TYPE = YES_ERROR;
				GCC_WARN_UNDECLARED_SELECTOR = YES;
				GCC_WARN_UNINITIALIZED_AUTOS = YES_AGGRESSIVE;
				GCC_WARN_UNUSED_FUNCTION = YES;
				GCC_WARN_UNUSED_VARIABLE = YES;
				IPHONEOS_DEPLOYMENT_TARGET = 13.2;
				MTL_ENABLE_DEBUG_INFO = NO;
				MTL_FAST_MATH = YES;
				SDKROOT = iphoneos;
				SWIFT_COMPILATION_MODE = wholemodule;
				SWIFT_OPTIMIZATION_LEVEL = "-O";
				VALIDATE_PRODUCT = YES;
			};
			name = Release;
		};
		F1C21D78240C1A3800E614C3 /* Debug */ = {
			isa = XCBuildConfiguration;
			buildSettings = {
				ASSETCATALOG_COMPILER_APPICON_NAME = AppIcon;
				CODE_SIGN_STYLE = Automatic;
				INFOPLIST_FILE = TimeAnimator/Info.plist;
				LD_RUNPATH_SEARCH_PATHS = (
					"$(inherited)",
					"@executable_path/Frameworks",
				);
				PRODUCT_BUNDLE_IDENTIFIER = io.github.futurelab.TimeAnimator;
				PRODUCT_NAME = "$(TARGET_NAME)";
				SWIFT_VERSION = 5.0;
				TARGETED_DEVICE_FAMILY = "1,2";
			};
			name = Debug;
		};
		F1C21D79240C1A3800E614C3 /* Release */ = {
			isa = XCBuildConfiguration;
			buildSettings = {
				ASSETCATALOG_COMPILER_APPICON_NAME = AppIcon;
				CODE_SIGN_STYLE = Automatic;
				INFOPLIST_FILE = TimeAnimator/Info.plist;
				LD_RUNPATH_SEARCH_PATHS = (
					"$(inherited)",
					"@executable_path/Frameworks",
				);
				PRODUCT_BUNDLE_IDENTIFIER = io.github.futurelab.TimeAnimator;
				PRODUCT_NAME = "$(TARGET_NAME)";
				SWIFT_VERSION = 5.0;
				TARGETED_DEVICE_FAMILY = "1,2";
			};
			name = Release;
		};
/* End XCBuildConfiguration section */

/* Begin XCConfigurationList section */
		F1C21D5E240C1A2E00E614C3 /* Build configuration list for PBXProject "TimeAnimator" */ = {
			isa = XCConfigurationList;
			buildConfigurations = (
				F1C21D75240C1A3800E614C3 /* Debug */,
				F1C21D76240C1A3800E614C3 /* Release */,
			);
			defaultConfigurationIsVisible = 0;
			defaultConfigurationName = Release;
		};
		F1C21D77240C1A3800E614C3 /* Build configuration list for PBXNativeTarget "TimeAnimator" */ = {
			isa = XCConfigurationList;
			buildConfigurations = (
				F1C21D78240C1A3800E614C3 /* Debug */,
				F1C21D79240C1A3800E614C3 /* Release */,
			);
			defaultConfigurationIsVisible = 0;
			defaultConfigurationName = Release;
		};
/* End XCConfigurationList section */

/* Begin XCRemoteSwiftPackageReference section */
		F1C21D7D240C1AEA00E614C3 /* XCRemoteSwiftPackageReference "SimpleTimer" */ = {
			isa = XCRemoteSwiftPackageReference;
			repositoryURL = "https://github.com/eonist/SimpleTimer.git";
			requirement = {
				branch = master;
				kind = branch;
			};
		};
		F1C21D9C240D3C4B00E614C3 /* XCRemoteSwiftPackageReference "GeomKit" */ = {
			isa = XCRemoteSwiftPackageReference;
			repositoryURL = "https://github.com/eonist/GeomKit.git";
			requirement = {
				branch = master;
				kind = branch;
			};
		};
/* End XCRemoteSwiftPackageReference section */

/* Begin XCSwiftPackageProductDependency section */
		F1C21D7E240C1AEA00E614C3 /* SimpleTimer */ = {
			isa = XCSwiftPackageProductDependency;
			package = F1C21D7D240C1AEA00E614C3 /* XCRemoteSwiftPackageReference "SimpleTimer" */;
			productName = SimpleTimer;
		};
		F1C21D9D240D3C4B00E614C3 /* GeomKit */ = {
			isa = XCSwiftPackageProductDependency;
			package = F1C21D9C240D3C4B00E614C3 /* XCRemoteSwiftPackageReference "GeomKit" */;
			productName = GeomKit;
		};
/* End XCSwiftPackageProductDependency section */
	};
	rootObject = F1C21D5B240C1A2E00E614C3 /* Project object */;
}
