{
  "object": {
    "pins": [
      {
        "package": "SimpleTimer",
        "repositoryURL": "https://github.com/eonist/SimpleTimer.git",
        "state": {
          "branch": "master",
          "revision": "ae3c37a91c7c20d2a99e5e6f84cf2cedfe101591",
          "version": null
        }
      }
    ]
  },
  "version": 1
}
