{
  "object": {
    "pins": [
      {
        "package": "SimpleTimer",
        "repositoryURL": "https://github.com/eonist/SimpleTimer.git",
        "state": {
          "branch": "master",
          "revision": "b62d4956bb253d041b8e10494cf672f02f26847d",
          "version": null
        }
      }
    ]
  },
  "version": 1
}
